Microsoft Visual Studio Solution File, Format Version 11.00
# Visual Studio 2008

Project("{67BEF170-14D5-862E-6E24-E9AC40EAE682}") = "New%20Unity%20Project", "Assembly-CSharp.csproj", "{AEFABB9D-7BD4-2DB7-559B-DA2466A62D2C}"
EndProject
Global
	GlobalSection(SolutionConfigurationPlatforms) = preSolution
		Debug|Any CPU = Debug|Any CPU
		Release|Any CPU = Release|Any CPU
	EndGlobalSection
	GlobalSection(ProjectConfigurationPlatforms) = postSolution
		{AEFABB9D-7BD4-2DB7-559B-DA2466A62D2C}.Debug|Any CPU.ActiveCfg = Debug|Any CPU
		{AEFABB9D-7BD4-2DB7-559B-DA2466A62D2C}.Debug|Any CPU.Build.0 = Debug|Any CPU
		{AEFABB9D-7BD4-2DB7-559B-DA2466A62D2C}.Release|Any CPU.ActiveCfg = Release|Any CPU
		{AEFABB9D-7BD4-2DB7-559B-DA2466A62D2C}.Release|Any CPU.Build.0 = Release|Any CPU
	EndGlobalSection
	GlobalSection(SolutionProperties) = preSolution
		HideSolutionNode = FALSE
	EndGlobalSection
	GlobalSection(MonoDevelopProperties) = preSolution
		StartupItem = Assembly-CSharp.csproj
	EndGlobalSection
EndGlobal
