Microsoft Visual Studio Solution File, Format Version 11.00
# Visual Studio 2008

Project("{E0575451-E4DE-FB40-48E1-45BD76B28C9F}") = "p3project", "Assembly-CSharp.csproj", "{9957D694-63FB-8166-417E-0A833910A0B2}"
EndProject
Global
	GlobalSection(SolutionConfigurationPlatforms) = preSolution
		Debug|Any CPU = Debug|Any CPU
		Release|Any CPU = Release|Any CPU
	EndGlobalSection
	GlobalSection(ProjectConfigurationPlatforms) = postSolution
		{9957D694-63FB-8166-417E-0A833910A0B2}.Debug|Any CPU.ActiveCfg = Debug|Any CPU
		{9957D694-63FB-8166-417E-0A833910A0B2}.Debug|Any CPU.Build.0 = Debug|Any CPU
		{9957D694-63FB-8166-417E-0A833910A0B2}.Release|Any CPU.ActiveCfg = Release|Any CPU
		{9957D694-63FB-8166-417E-0A833910A0B2}.Release|Any CPU.Build.0 = Release|Any CPU
	EndGlobalSection
	GlobalSection(SolutionProperties) = preSolution
		HideSolutionNode = FALSE
	EndGlobalSection
	GlobalSection(MonoDevelopProperties) = preSolution
		StartupItem = Assembly-CSharp.csproj
	EndGlobalSection
EndGlobal
