Microsoft Visual Studio Solution File, Format Version 11.00
# Visual Studio 2008

Project("{A4EEC90C-D207-407E-0950-2DBF3AFCFCEF}") = "Ray_Final", "Assembly-CSharp.csproj", "{F4EEA4F3-8455-6684-841D-51B08AAE0887}"
EndProject
Global
	GlobalSection(SolutionConfigurationPlatforms) = preSolution
		Debug|Any CPU = Debug|Any CPU
		Release|Any CPU = Release|Any CPU
	EndGlobalSection
	GlobalSection(ProjectConfigurationPlatforms) = postSolution
		{F4EEA4F3-8455-6684-841D-51B08AAE0887}.Debug|Any CPU.ActiveCfg = Debug|Any CPU
		{F4EEA4F3-8455-6684-841D-51B08AAE0887}.Debug|Any CPU.Build.0 = Debug|Any CPU
		{F4EEA4F3-8455-6684-841D-51B08AAE0887}.Release|Any CPU.ActiveCfg = Release|Any CPU
		{F4EEA4F3-8455-6684-841D-51B08AAE0887}.Release|Any CPU.Build.0 = Release|Any CPU
	EndGlobalSection
	GlobalSection(SolutionProperties) = preSolution
		HideSolutionNode = FALSE
	EndGlobalSection
	GlobalSection(MonoDevelopProperties) = preSolution
		StartupItem = Assembly-CSharp.csproj
	EndGlobalSection
EndGlobal
